
Microsoft Visual Studio Solution File, Format Version 12.00
# Visual Studio 15
VisualStudioVersion = 15.0.28307.960
MinimumVisualStudioVersion = 10.0.40219.1
Project("{FAE04EC0-301F-11D3-BF4B-00C04F79EFBC}") = "WidgetApp01", "WidgetApp01\WidgetApp01.csproj", "{B5F3415C-2903-4E9C-874F-BDCA61670752}"
EndProject
Global
	GlobalSection(SolutionConfigurationPlatforms) = preSolution
		Debug|Any CPU = Debug|Any CPU
		Release|Any CPU = Release|Any CPU
	EndGlobalSection
	GlobalSection(ProjectConfigurationPlatforms) = postSolution
		{B5F3415C-2903-4E9C-874F-BDCA61670752}.Debug|Any CPU.ActiveCfg = Debug|Any CPU
		{B5F3415C-2903-4E9C-874F-BDCA61670752}.Debug|Any CPU.Build.0 = Debug|Any CPU
		{B5F3415C-2903-4E9C-874F-BDCA61670752}.Debug|Any CPU.Deploy.0 = Debug|Any CPU
		{B5F3415C-2903-4E9C-874F-BDCA61670752}.Release|Any CPU.ActiveCfg = Release|Any CPU
		{B5F3415C-2903-4E9C-874F-BDCA61670752}.Release|Any CPU.Build.0 = Release|Any CPU
		{B5F3415C-2903-4E9C-874F-BDCA61670752}.Release|Any CPU.Deploy.0 = Release|Any CPU
	EndGlobalSection
	GlobalSection(SolutionProperties) = preSolution
		HideSolutionNode = FALSE
	EndGlobalSection
	GlobalSection(ExtensibilityGlobals) = postSolution
		SolutionGuid = {06E62297-A2BB-4E01-B345-045E5CE3CD82}
	EndGlobalSection
EndGlobal
